
Microsoft Visual Studio Solution File, Format Version 12.00
# Visual Studio Version 17
VisualStudioVersion = 17.3.32825.248
MinimumVisualStudioVersion = 10.0.40219.1
Project("{8BC9CEB8-8B4A-11D0-8D11-00A0C91BC942}") = "Mile.Xaml.Native", "Mile.Xaml.Native\Mile.Xaml.Native.vcxproj", "{4C5DA281-1FDD-41B7-9D3F-94132227CA0E}"
EndProject
Project("{8BC9CEB8-8B4A-11D0-8D11-00A0C91BC942}") = "Mile.Xaml.Styles", "Mile.Xaml.Styles\Mile.Xaml.Styles.vcxproj", "{0D0AB0E6-9F9D-4A7A-AF83-33B0D42DF111}"
EndProject
Project("{9A19103F-16F7-4668-BE54-9A1E7A4F7556}") = "Mile.Xaml.Managed", "Mile.Xaml.Managed\Mile.Xaml.Managed.csproj", "{10ED12D7-2FD6-4759-BC20-BE821674DFB9}"
EndProject
Project("{2150E333-8FDC-42A3-9474-1A3956D46DE8}") = "MaintainerTools", "MaintainerTools", "{FD7451C0-A146-4821-863F-02AA75DCFC7E}"
EndProject
Project("{9A19103F-16F7-4668-BE54-9A1E7A4F7556}") = "Mile.Xaml.ControlStyleXamlGenerator", "Mile.Xaml.ControlStyleXamlGenerator\Mile.Xaml.ControlStyleXamlGenerator.csproj", "{E295ADF5-52CA-447B-8064-C530A97E807E}"
EndProject
Project("{9A19103F-16F7-4668-BE54-9A1E7A4F7556}") = "Mile.Xaml.RefreshPackageVersion", "Mile.Xaml.RefreshPackageVersion\Mile.Xaml.RefreshPackageVersion.csproj", "{4F19A822-6DAC-4ADE-8980-D9AB83FE8BF6}"
EndProject
Project("{2150E333-8FDC-42A3-9474-1A3956D46DE8}") = "Mile.Xaml", "Mile.Xaml", "{931D228C-8E9D-47E5-A535-3F356CA96E78}"
	ProjectSection(SolutionItems) = preProject
		Mile.Xaml\Mile.Xaml.nuspec = Mile.Xaml\Mile.Xaml.nuspec
	EndProjectSection
EndProject
Project("{2150E333-8FDC-42A3-9474-1A3956D46DE8}") = "NuGet", "NuGet", "{EB76F0B3-3CE0-4517-8BF2-367C53D745AA}"
	ProjectSection(SolutionItems) = preProject
		Mile.Xaml\NuGet\MrtCore.PriGen.targets = Mile.Xaml\NuGet\MrtCore.PriGen.targets
		Mile.Xaml\NuGet\_._ = Mile.Xaml\NuGet\_._
	EndProjectSection
EndProject
Project("{2150E333-8FDC-42A3-9474-1A3956D46DE8}") = "native", "native", "{1A7C0865-004B-454E-9AB7-35D593AFAF25}"
	ProjectSection(SolutionItems) = preProject
		Mile.Xaml\NuGet\native\Mile.Xaml.props = Mile.Xaml\NuGet\native\Mile.Xaml.props
		Mile.Xaml\NuGet\native\Mile.Xaml.targets = Mile.Xaml\NuGet\native\Mile.Xaml.targets
	EndProjectSection
EndProject
Project("{2150E333-8FDC-42A3-9474-1A3956D46DE8}") = "net48", "net48", "{14C8B3F2-E47B-49F5-9EA3-EB207CBECFCC}"
	ProjectSection(SolutionItems) = preProject
		Mile.Xaml\NuGet\net48\Microsoft.WinUI.NET.Markup.Compiler.targets = Mile.Xaml\NuGet\net48\Microsoft.WinUI.NET.Markup.Compiler.targets
		Mile.Xaml\NuGet\net48\Mile.Xaml.AfterImport.targets = Mile.Xaml\NuGet\net48\Mile.Xaml.AfterImport.targets
		Mile.Xaml\NuGet\net48\Mile.Xaml.props = Mile.Xaml\NuGet\net48\Mile.Xaml.props
		Mile.Xaml\NuGet\net48\Mile.Xaml.targets = Mile.Xaml\NuGet\net48\Mile.Xaml.targets
	EndProjectSection
EndProject
Global
	GlobalSection(SolutionConfigurationPlatforms) = preSolution
		Debug|ARM64 = Debug|ARM64
		Debug|x64 = Debug|x64
		Debug|x86 = Debug|x86
		Release|ARM64 = Release|ARM64
		Release|x64 = Release|x64
		Release|x86 = Release|x86
	EndGlobalSection
	GlobalSection(ProjectConfigurationPlatforms) = postSolution
		{4C5DA281-1FDD-41B7-9D3F-94132227CA0E}.Debug|ARM64.ActiveCfg = Debug|ARM64
		{4C5DA281-1FDD-41B7-9D3F-94132227CA0E}.Debug|ARM64.Build.0 = Debug|ARM64
		{4C5DA281-1FDD-41B7-9D3F-94132227CA0E}.Debug|x64.ActiveCfg = Debug|x64
		{4C5DA281-1FDD-41B7-9D3F-94132227CA0E}.Debug|x64.Build.0 = Debug|x64
		{4C5DA281-1FDD-41B7-9D3F-94132227CA0E}.Debug|x86.ActiveCfg = Debug|Win32
		{4C5DA281-1FDD-41B7-9D3F-94132227CA0E}.Debug|x86.Build.0 = Debug|Win32
		{4C5DA281-1FDD-41B7-9D3F-94132227CA0E}.Release|ARM64.ActiveCfg = Release|ARM64
		{4C5DA281-1FDD-41B7-9D3F-94132227CA0E}.Release|ARM64.Build.0 = Release|ARM64
		{4C5DA281-1FDD-41B7-9D3F-94132227CA0E}.Release|x64.ActiveCfg = Release|x64
		{4C5DA281-1FDD-41B7-9D3F-94132227CA0E}.Release|x64.Build.0 = Release|x64
		{4C5DA281-1FDD-41B7-9D3F-94132227CA0E}.Release|x86.ActiveCfg = Release|Win32
		{4C5DA281-1FDD-41B7-9D3F-94132227CA0E}.Release|x86.Build.0 = Release|Win32
		{0D0AB0E6-9F9D-4A7A-AF83-33B0D42DF111}.Debug|ARM64.ActiveCfg = Debug|x64
		{0D0AB0E6-9F9D-4A7A-AF83-33B0D42DF111}.Debug|x64.ActiveCfg = Debug|x64
		{0D0AB0E6-9F9D-4A7A-AF83-33B0D42DF111}.Debug|x64.Build.0 = Debug|x64
		{0D0AB0E6-9F9D-4A7A-AF83-33B0D42DF111}.Debug|x86.ActiveCfg = Debug|x64
		{0D0AB0E6-9F9D-4A7A-AF83-33B0D42DF111}.Release|ARM64.ActiveCfg = Release|x64
		{0D0AB0E6-9F9D-4A7A-AF83-33B0D42DF111}.Release|x64.ActiveCfg = Release|x64
		{0D0AB0E6-9F9D-4A7A-AF83-33B0D42DF111}.Release|x64.Build.0 = Release|x64
		{0D0AB0E6-9F9D-4A7A-AF83-33B0D42DF111}.Release|x86.ActiveCfg = Release|x64
		{10ED12D7-2FD6-4759-BC20-BE821674DFB9}.Debug|ARM64.ActiveCfg = Debug|Any CPU
		{10ED12D7-2FD6-4759-BC20-BE821674DFB9}.Debug|x64.ActiveCfg = Debug|Any CPU
		{10ED12D7-2FD6-4759-BC20-BE821674DFB9}.Debug|x64.Build.0 = Debug|Any CPU
		{10ED12D7-2FD6-4759-BC20-BE821674DFB9}.Debug|x86.ActiveCfg = Debug|Any CPU
		{10ED12D7-2FD6-4759-BC20-BE821674DFB9}.Release|ARM64.ActiveCfg = Release|Any CPU
		{10ED12D7-2FD6-4759-BC20-BE821674DFB9}.Release|x64.ActiveCfg = Release|Any CPU
		{10ED12D7-2FD6-4759-BC20-BE821674DFB9}.Release|x64.Build.0 = Release|Any CPU
		{10ED12D7-2FD6-4759-BC20-BE821674DFB9}.Release|x86.ActiveCfg = Release|Any CPU
		{E295ADF5-52CA-447B-8064-C530A97E807E}.Debug|ARM64.ActiveCfg = Debug|Any CPU
		{E295ADF5-52CA-447B-8064-C530A97E807E}.Debug|x64.ActiveCfg = Debug|Any CPU
		{E295ADF5-52CA-447B-8064-C530A97E807E}.Debug|x64.Build.0 = Debug|Any CPU
		{E295ADF5-52CA-447B-8064-C530A97E807E}.Debug|x86.ActiveCfg = Debug|Any CPU
		{E295ADF5-52CA-447B-8064-C530A97E807E}.Release|ARM64.ActiveCfg = Release|Any CPU
		{E295ADF5-52CA-447B-8064-C530A97E807E}.Release|x64.ActiveCfg = Release|Any CPU
		{E295ADF5-52CA-447B-8064-C530A97E807E}.Release|x64.Build.0 = Release|Any CPU
		{E295ADF5-52CA-447B-8064-C530A97E807E}.Release|x86.ActiveCfg = Release|Any CPU
		{4F19A822-6DAC-4ADE-8980-D9AB83FE8BF6}.Debug|ARM64.ActiveCfg = Debug|Any CPU
		{4F19A822-6DAC-4ADE-8980-D9AB83FE8BF6}.Debug|x64.ActiveCfg = Debug|Any CPU
		{4F19A822-6DAC-4ADE-8980-D9AB83FE8BF6}.Debug|x64.Build.0 = Debug|Any CPU
		{4F19A822-6DAC-4ADE-8980-D9AB83FE8BF6}.Debug|x86.ActiveCfg = Debug|Any CPU
		{4F19A822-6DAC-4ADE-8980-D9AB83FE8BF6}.Release|ARM64.ActiveCfg = Release|Any CPU
		{4F19A822-6DAC-4ADE-8980-D9AB83FE8BF6}.Release|x64.ActiveCfg = Release|Any CPU
		{4F19A822-6DAC-4ADE-8980-D9AB83FE8BF6}.Release|x64.Build.0 = Release|Any CPU
		{4F19A822-6DAC-4ADE-8980-D9AB83FE8BF6}.Release|x86.ActiveCfg = Release|Any CPU
	EndGlobalSection
	GlobalSection(SolutionProperties) = preSolution
		HideSolutionNode = FALSE
	EndGlobalSection
	GlobalSection(NestedProjects) = preSolution
		{E295ADF5-52CA-447B-8064-C530A97E807E} = {FD7451C0-A146-4821-863F-02AA75DCFC7E}
		{4F19A822-6DAC-4ADE-8980-D9AB83FE8BF6} = {FD7451C0-A146-4821-863F-02AA75DCFC7E}
		{EB76F0B3-3CE0-4517-8BF2-367C53D745AA} = {931D228C-8E9D-47E5-A535-3F356CA96E78}
		{1A7C0865-004B-454E-9AB7-35D593AFAF25} = {EB76F0B3-3CE0-4517-8BF2-367C53D745AA}
		{14C8B3F2-E47B-49F5-9EA3-EB207CBECFCC} = {EB76F0B3-3CE0-4517-8BF2-367C53D745AA}
	EndGlobalSection
	GlobalSection(ExtensibilityGlobals) = postSolution
		SolutionGuid = {7988428E-156C-4D84-8DEE-989B06041193}
	EndGlobalSection
EndGlobal
