<?xml version="1.0" encoding="utf-8"?>
<Project ToolsVersion="4.0" xmlns="http://schemas.microsoft.com/developer/msbuild/2003">
  <ItemGroup>
    <ClCompile Include="Mile.Xaml.cpp" />
    <ClCompile Include="pch.cpp" />
  </ItemGroup>
  <ItemGroup>
    <ClInclude Include="IWindowPrivate.h" />
    <ClInclude Include="Mile.Xaml.h" />
    <ClInclude Include="pch.h" />
  </ItemGroup>
  <ItemGroup>
    <None Include="Mile.Xaml.nuspec" />
    <None Include="Mile.Xaml.def" />
    <None Include="$(GeneratedFilesDir)Mile.Xaml.Styles.SunValley.xbf" />
    <None Include="PropertySheet.props" />
    <None Include="NuGet\MrtCore.PriGen.targets">
      <Filter>NuGet</Filter>
    </None>
    <None Include="NuGet\native\Mile.Xaml.props">
      <Filter>NuGet\native</Filter>
    </None>
    <None Include="NuGet\net48\Mile.Xaml.props">
      <Filter>NuGet\net48</Filter>
    </None>
    <None Include="NuGet\_._">
      <Filter>NuGet</Filter>
    </None>
  </ItemGroup>
  <ItemGroup>
    <Page Include="Mile.Xaml.Styles.SunValley.xaml" />
  </ItemGroup>
  <ItemGroup>
    <Filter Include="NuGet">
      <UniqueIdentifier>{605b5f3f-603b-4040-af54-14b0ebaebcb5}</UniqueIdentifier>
    </Filter>
    <Filter Include="NuGet\net48">
      <UniqueIdentifier>{4b063ee5-a877-4588-883e-e84a81e3aaaa}</UniqueIdentifier>
    </Filter>
    <Filter Include="NuGet\native">
      <UniqueIdentifier>{61b1f018-f429-46e8-9b33-7ba89ede2d76}</UniqueIdentifier>
    </Filter>
  </ItemGroup>
</Project>